// !$*UTF8*$!
{
	archiveVersion = 1;
	classes = {
	};
	objectVersion = 50;
	objects = {

/* Begin PBXBuildFile section */
		2B6BE82FF13D8F47705B8A1D /* Pods_TumblrTests.framework in Frameworks */ = {isa = PBXBuildFile; fileRef = E2152570965C86C56AA8346D /* Pods_TumblrTests.framework */; };
		AB3348ED21471044009AB6D4 /* AppDelegate.swift in Sources */ = {isa = PBXBuildFile; fileRef = AB3348EC21471044009AB6D4 /* AppDelegate.swift */; };
		AB3348F221471044009AB6D4 /* Main.storyboard in Resources */ = {isa = PBXBuildFile; fileRef = AB3348F021471044009AB6D4 /* Main.storyboard */; };
		AB3348F421471046009AB6D4 /* Assets.xcassets in Resources */ = {isa = PBXBuildFile; fileRef = AB3348F321471046009AB6D4 /* Assets.xcassets */; };
		AB3348F721471046009AB6D4 /* LaunchScreen.storyboard in Resources */ = {isa = PBXBuildFile; fileRef = AB3348F521471046009AB6D4 /* LaunchScreen.storyboard */; };
		AB33490221471046009AB6D4 /* TumblrTests.swift in Sources */ = {isa = PBXBuildFile; fileRef = AB33490121471046009AB6D4 /* TumblrTests.swift */; };
		AB33490D21471046009AB6D4 /* TumblrUITests.swift in Sources */ = {isa = PBXBuildFile; fileRef = AB33490C21471046009AB6D4 /* TumblrUITests.swift */; };
		AB33491B214716FA009AB6D4 /* PhotosViewController.swift in Sources */ = {isa = PBXBuildFile; fileRef = AB33491A214716FA009AB6D4 /* PhotosViewController.swift */; };
		AB33492621471F3B009AB6D4 /* PhotoCell.swift in Sources */ = {isa = PBXBuildFile; fileRef = AB33492521471F3B009AB6D4 /* PhotoCell.swift */; };
		D2E1F15B0826A50E5716A100 /* Pods_TumblrUITests.framework in Frameworks */ = {isa = PBXBuildFile; fileRef = 7C945E92A6FEA3CFB16C8D23 /* Pods_TumblrUITests.framework */; };
		DB7D2879A1E35C6D9A2E4F03 /* Pods_Tumblr.framework in Frameworks */ = {isa = PBXBuildFile; fileRef = AEE71DF6B96588BFDDEEBDA4 /* Pods_Tumblr.framework */; };
/* End PBXBuildFile section */

/* Begin PBXContainerItemProxy section */
		AB3348FE21471046009AB6D4 /* PBXContainerItemProxy */ = {
			isa = PBXContainerItemProxy;
			containerPortal = AB3348E121471044009AB6D4 /* Project object */;
			proxyType = 1;
			remoteGlobalIDString = AB3348E821471044009AB6D4;
			remoteInfo = Tumblr;
		};
		AB33490921471046009AB6D4 /* PBXContainerItemProxy */ = {
			isa = PBXContainerItemProxy;
			containerPortal = AB3348E121471044009AB6D4 /* Project object */;
			proxyType = 1;
			remoteGlobalIDString = AB3348E821471044009AB6D4;
			remoteInfo = Tumblr;
		};
/* End PBXContainerItemProxy section */

/* Begin PBXFileReference section */
		2BD1F727D30DEB8F239179B0 /* Pods-TumblrTests.debug.xcconfig */ = {isa = PBXFileReference; includeInIndex = 1; lastKnownFileType = text.xcconfig; name = "Pods-TumblrTests.debug.xcconfig"; path = "Pods/Target Support Files/Pods-TumblrTests/Pods-TumblrTests.debug.xcconfig"; sourceTree = "<group>"; };
		39748E3D1B9B10692C7BBE02 /* Pods-TumblrUITests.debug.xcconfig */ = {isa = PBXFileReference; includeInIndex = 1; lastKnownFileType = text.xcconfig; name = "Pods-TumblrUITests.debug.xcconfig"; path = "Pods/Target Support Files/Pods-TumblrUITests/Pods-TumblrUITests.debug.xcconfig"; sourceTree = "<group>"; };
		7C945E92A6FEA3CFB16C8D23 /* Pods_TumblrUITests.framework */ = {isa = PBXFileReference; explicitFileType = wrapper.framework; includeInIndex = 0; path = Pods_TumblrUITests.framework; sourceTree = BUILT_PRODUCTS_DIR; };
		85716DCAB65EFF5F14C299D1 /* Pods-Tumblr.release.xcconfig */ = {isa = PBXFileReference; includeInIndex = 1; lastKnownFileType = text.xcconfig; name = "Pods-Tumblr.release.xcconfig"; path = "Pods/Target Support Files/Pods-Tumblr/Pods-Tumblr.release.xcconfig"; sourceTree = "<group>"; };
		AB3348E921471044009AB6D4 /* Tumblr.app */ = {isa = PBXFileReference; explicitFileType = wrapper.application; includeInIndex = 0; path = Tumblr.app; sourceTree = BUILT_PRODUCTS_DIR; };
		AB3348EC21471044009AB6D4 /* AppDelegate.swift */ = {isa = PBXFileReference; lastKnownFileType = sourcecode.swift; path = AppDelegate.swift; sourceTree = "<group>"; };
		AB3348F121471044009AB6D4 /* Base */ = {isa = PBXFileReference; lastKnownFileType = file.storyboard; name = Base; path = Base.lproj/Main.storyboard; sourceTree = "<group>"; };
		AB3348F321471046009AB6D4 /* Assets.xcassets */ = {isa = PBXFileReference; lastKnownFileType = folder.assetcatalog; path = Assets.xcassets; sourceTree = "<group>"; };
		AB3348F621471046009AB6D4 /* Base */ = {isa = PBXFileReference; lastKnownFileType = file.storyboard; name = Base; path = Base.lproj/LaunchScreen.storyboard; sourceTree = "<group>"; };
		AB3348F821471046009AB6D4 /* Info.plist */ = {isa = PBXFileReference; lastKnownFileType = text.plist.xml; path = Info.plist; sourceTree = "<group>"; };
		AB3348FD21471046009AB6D4 /* TumblrTests.xctest */ = {isa = PBXFileReference; explicitFileType = wrapper.cfbundle; includeInIndex = 0; path = TumblrTests.xctest; sourceTree = BUILT_PRODUCTS_DIR; };
		AB33490121471046009AB6D4 /* TumblrTests.swift */ = {isa = PBXFileReference; lastKnownFileType = sourcecode.swift; path = TumblrTests.swift; sourceTree = "<group>"; };
		AB33490321471046009AB6D4 /* Info.plist */ = {isa = PBXFileReference; lastKnownFileType = text.plist.xml; path = Info.plist; sourceTree = "<group>"; };
		AB33490821471046009AB6D4 /* TumblrUITests.xctest */ = {isa = PBXFileReference; explicitFileType = wrapper.cfbundle; includeInIndex = 0; path = TumblrUITests.xctest; sourceTree = BUILT_PRODUCTS_DIR; };
		AB33490C21471046009AB6D4 /* TumblrUITests.swift */ = {isa = PBXFileReference; lastKnownFileType = sourcecode.swift; path = TumblrUITests.swift; sourceTree = "<group>"; };
		AB33490E21471046009AB6D4 /* Info.plist */ = {isa = PBXFileReference; lastKnownFileType = text.plist.xml; path = Info.plist; sourceTree = "<group>"; };
		AB33491A214716FA009AB6D4 /* PhotosViewController.swift */ = {isa = PBXFileReference; lastKnownFileType = sourcecode.swift; path = PhotosViewController.swift; sourceTree = "<group>"; };
		AB33492521471F3B009AB6D4 /* PhotoCell.swift */ = {isa = PBXFileReference; lastKnownFileType = sourcecode.swift; path = PhotoCell.swift; sourceTree = "<group>"; };
		AEE71DF6B96588BFDDEEBDA4 /* Pods_Tumblr.framework */ = {isa = PBXFileReference; explicitFileType = wrapper.framework; includeInIndex = 0; path = Pods_Tumblr.framework; sourceTree = BUILT_PRODUCTS_DIR; };
		C020127E1FFAB6B2960EE2D4 /* Pods-Tumblr.debug.xcconfig */ = {isa = PBXFileReference; includeInIndex = 1; lastKnownFileType = text.xcconfig; name = "Pods-Tumblr.debug.xcconfig"; path = "Pods/Target Support Files/Pods-Tumblr/Pods-Tumblr.debug.xcconfig"; sourceTree = "<group>"; };
		E2152570965C86C56AA8346D /* Pods_TumblrTests.framework */ = {isa = PBXFileReference; explicitFileType = wrapper.framework; includeInIndex = 0; path = Pods_TumblrTests.framework; sourceTree = BUILT_PRODUCTS_DIR; };
		F3A60E9A53391B5D6D27A357 /* Pods-TumblrTests.release.xcconfig */ = {isa = PBXFileReference; includeInIndex = 1; lastKnownFileType = text.xcconfig; name = "Pods-TumblrTests.release.xcconfig"; path = "Pods/Target Support Files/Pods-TumblrTests/Pods-TumblrTests.release.xcconfig"; sourceTree = "<group>"; };
		F90E1A0C6099A617121B5618 /* Pods-TumblrUITests.release.xcconfig */ = {isa = PBXFileReference; includeInIndex = 1; lastKnownFileType = text.xcconfig; name = "Pods-TumblrUITests.release.xcconfig"; path = "Pods/Target Support Files/Pods-TumblrUITests/Pods-TumblrUITests.release.xcconfig"; sourceTree = "<group>"; };
/* End PBXFileReference section */

/* Begin PBXFrameworksBuildPhase section */
		AB3348E621471044009AB6D4 /* Frameworks */ = {
			isa = PBXFrameworksBuildPhase;
			buildActionMask = 2147483647;
			files = (
				DB7D2879A1E35C6D9A2E4F03 /* Pods_Tumblr.framework in Frameworks */,
			);
			runOnlyForDeploymentPostprocessing = 0;
		};
		AB3348FA21471046009AB6D4 /* Frameworks */ = {
			isa = PBXFrameworksBuildPhase;
			buildActionMask = 2147483647;
			files = (
				2B6BE82FF13D8F47705B8A1D /* Pods_TumblrTests.framework in Frameworks */,
			);
			runOnlyForDeploymentPostprocessing = 0;
		};
		AB33490521471046009AB6D4 /* Frameworks */ = {
			isa = PBXFrameworksBuildPhase;
			buildActionMask = 2147483647;
			files = (
				D2E1F15B0826A50E5716A100 /* Pods_TumblrUITests.framework in Frameworks */,
			);
			runOnlyForDeploymentPostprocessing = 0;
		};
/* End PBXFrameworksBuildPhase section */

/* Begin PBXGroup section */
		12CA9FBD30D7AF9ECF523ED4 /* Pods */ = {
			isa = PBXGroup;
			children = (
				C020127E1FFAB6B2960EE2D4 /* Pods-Tumblr.debug.xcconfig */,
				85716DCAB65EFF5F14C299D1 /* Pods-Tumblr.release.xcconfig */,
				2BD1F727D30DEB8F239179B0 /* Pods-TumblrTests.debug.xcconfig */,
				F3A60E9A53391B5D6D27A357 /* Pods-TumblrTests.release.xcconfig */,
				39748E3D1B9B10692C7BBE02 /* Pods-TumblrUITests.debug.xcconfig */,
				F90E1A0C6099A617121B5618 /* Pods-TumblrUITests.release.xcconfig */,
			);
			name = Pods;
			sourceTree = "<group>";
		};
		4278FCA4C93BB11E156BC14C /* Frameworks */ = {
			isa = PBXGroup;
			children = (
				AEE71DF6B96588BFDDEEBDA4 /* Pods_Tumblr.framework */,
				E2152570965C86C56AA8346D /* Pods_TumblrTests.framework */,
				7C945E92A6FEA3CFB16C8D23 /* Pods_TumblrUITests.framework */,
			);
			name = Frameworks;
			sourceTree = "<group>";
		};
		AB3348E021471044009AB6D4 = {
			isa = PBXGroup;
			children = (
				AB3348EB21471044009AB6D4 /* Tumblr */,
				AB33490021471046009AB6D4 /* TumblrTests */,
				AB33490B21471046009AB6D4 /* TumblrUITests */,
				AB3348EA21471044009AB6D4 /* Products */,
				12CA9FBD30D7AF9ECF523ED4 /* Pods */,
				4278FCA4C93BB11E156BC14C /* Frameworks */,
			);
			sourceTree = "<group>";
		};
		AB3348EA21471044009AB6D4 /* Products */ = {
			isa = PBXGroup;
			children = (
				AB3348E921471044009AB6D4 /* Tumblr.app */,
				AB3348FD21471046009AB6D4 /* TumblrTests.xctest */,
				AB33490821471046009AB6D4 /* TumblrUITests.xctest */,
			);
			name = Products;
			sourceTree = "<group>";
		};
		AB3348EB21471044009AB6D4 /* Tumblr */ = {
			isa = PBXGroup;
			children = (
				AB33491C2147170E009AB6D4 /* View Controllers */,
				AB3348EC21471044009AB6D4 /* AppDelegate.swift */,
				AB3348F021471044009AB6D4 /* Main.storyboard */,
				AB3348F321471046009AB6D4 /* Assets.xcassets */,
				AB3348F521471046009AB6D4 /* LaunchScreen.storyboard */,
				AB3348F821471046009AB6D4 /* Info.plist */,
				AB33492521471F3B009AB6D4 /* PhotoCell.swift */,
			);
			path = Tumblr;
			sourceTree = "<group>";
		};
		AB33490021471046009AB6D4 /* TumblrTests */ = {
			isa = PBXGroup;
			children = (
				AB33490121471046009AB6D4 /* TumblrTests.swift */,
				AB33490321471046009AB6D4 /* Info.plist */,
			);
			path = TumblrTests;
			sourceTree = "<group>";
		};
		AB33490B21471046009AB6D4 /* TumblrUITests */ = {
			isa = PBXGroup;
			children = (
				AB33490C21471046009AB6D4 /* TumblrUITests.swift */,
				AB33490E21471046009AB6D4 /* Info.plist */,
			);
			path = TumblrUITests;
			sourceTree = "<group>";
		};
		AB33491C2147170E009AB6D4 /* View Controllers */ = {
			isa = PBXGroup;
			children = (
				AB33491A214716FA009AB6D4 /* PhotosViewController.swift */,
			);
			path = "View Controllers";
			sourceTree = "<group>";
		};
/* End PBXGroup section */

/* Begin PBXNativeTarget section */
		AB3348E821471044009AB6D4 /* Tumblr */ = {
			isa = PBXNativeTarget;
			buildConfigurationList = AB33491121471046009AB6D4 /* Build configuration list for PBXNativeTarget "Tumblr" */;
			buildPhases = (
				554BA9CBCC32747CAAC1986B /* [CP] Check Pods Manifest.lock */,
				AB3348E521471044009AB6D4 /* Sources */,
				AB3348E621471044009AB6D4 /* Frameworks */,
				AB3348E721471044009AB6D4 /* Resources */,
				3D9E16F975FE6259E2EE3E18 /* [CP] Embed Pods Frameworks */,
			);
			buildRules = (
			);
			dependencies = (
			);
			name = Tumblr;
			productName = Tumblr;
			productReference = AB3348E921471044009AB6D4 /* Tumblr.app */;
			productType = "com.apple.product-type.application";
		};
		AB3348FC21471046009AB6D4 /* TumblrTests */ = {
			isa = PBXNativeTarget;
			buildConfigurationList = AB33491421471046009AB6D4 /* Build configuration list for PBXNativeTarget "TumblrTests" */;
			buildPhases = (
				5BBEFB21BB839F91AF035FCF /* [CP] Check Pods Manifest.lock */,
				AB3348F921471046009AB6D4 /* Sources */,
				AB3348FA21471046009AB6D4 /* Frameworks */,
				AB3348FB21471046009AB6D4 /* Resources */,
			);
			buildRules = (
			);
			dependencies = (
				AB3348FF21471046009AB6D4 /* PBXTargetDependency */,
			);
			name = TumblrTests;
			productName = TumblrTests;
			productReference = AB3348FD21471046009AB6D4 /* TumblrTests.xctest */;
			productType = "com.apple.product-type.bundle.unit-test";
		};
		AB33490721471046009AB6D4 /* TumblrUITests */ = {
			isa = PBXNativeTarget;
			buildConfigurationList = AB33491721471046009AB6D4 /* Build configuration list for PBXNativeTarget "TumblrUITests" */;
			buildPhases = (
				C14AFE8294DDA682817805D4 /* [CP] Check Pods Manifest.lock */,
				AB33490421471046009AB6D4 /* Sources */,
				AB33490521471046009AB6D4 /* Frameworks */,
				AB33490621471046009AB6D4 /* Resources */,
			);
			buildRules = (
			);
			dependencies = (
				AB33490A21471046009AB6D4 /* PBXTargetDependency */,
			);
			name = TumblrUITests;
			productName = TumblrUITests;
			productReference = AB33490821471046009AB6D4 /* TumblrUITests.xctest */;
			productType = "com.apple.product-type.bundle.ui-testing";
		};
/* End PBXNativeTarget section */

/* Begin PBXProject section */
		AB3348E121471044009AB6D4 /* Project object */ = {
			isa = PBXProject;
			attributes = {
				LastSwiftUpdateCheck = 0940;
				LastUpgradeCheck = 0940;
				ORGANIZATIONNAME = "Yijin Wang";
				TargetAttributes = {
					AB3348E821471044009AB6D4 = {
						CreatedOnToolsVersion = 9.4.1;
					};
					AB3348FC21471046009AB6D4 = {
						CreatedOnToolsVersion = 9.4.1;
						TestTargetID = AB3348E821471044009AB6D4;
					};
					AB33490721471046009AB6D4 = {
						CreatedOnToolsVersion = 9.4.1;
						TestTargetID = AB3348E821471044009AB6D4;
					};
				};
			};
			buildConfigurationList = AB3348E421471044009AB6D4 /* Build configuration list for PBXProject "Tumblr" */;
			compatibilityVersion = "Xcode 9.3";
			developmentRegion = en;
			hasScannedForEncodings = 0;
			knownRegions = (
				en,
				Base,
			);
			mainGroup = AB3348E021471044009AB6D4;
			productRefGroup = AB3348EA21471044009AB6D4 /* Products */;
			projectDirPath = "";
			projectRoot = "";
			targets = (
				AB3348E821471044009AB6D4 /* Tumblr */,
				AB3348FC21471046009AB6D4 /* TumblrTests */,
				AB33490721471046009AB6D4 /* TumblrUITests */,
			);
		};
/* End PBXProject section */

/* Begin PBXResourcesBuildPhase section */
		AB3348E721471044009AB6D4 /* Resources */ = {
			isa = PBXResourcesBuildPhase;
			buildActionMask = 2147483647;
			files = (
				AB3348F721471046009AB6D4 /* LaunchScreen.storyboard in Resources */,
				AB3348F421471046009AB6D4 /* Assets.xcassets in Resources */,
				AB3348F221471044009AB6D4 /* Main.storyboard in Resources */,
			);
			runOnlyForDeploymentPostprocessing = 0;
		};
		AB3348FB21471046009AB6D4 /* Resources */ = {
			isa = PBXResourcesBuildPhase;
			buildActionMask = 2147483647;
			files = (
			);
			runOnlyForDeploymentPostprocessing = 0;
		};
		AB33490621471046009AB6D4 /* Resources */ = {
			isa = PBXResourcesBuildPhase;
			buildActionMask = 2147483647;
			files = (
			);
			runOnlyForDeploymentPostprocessing = 0;
		};
/* End PBXResourcesBuildPhase section */

/* Begin PBXShellScriptBuildPhase section */
		3D9E16F975FE6259E2EE3E18 /* [CP] Embed Pods Frameworks */ = {
			isa = PBXShellScriptBuildPhase;
			buildActionMask = 2147483647;
			files = (
			);
			inputPaths = (
				"${SRCROOT}/Pods/Target Support Files/Pods-Tumblr/Pods-Tumblr-frameworks.sh",
				"${BUILT_PRODUCTS_DIR}/Alamofire/Alamofire.framework",
				"${BUILT_PRODUCTS_DIR}/AlamofireImage/AlamofireImage.framework",
			);
			name = "[CP] Embed Pods Frameworks";
			outputPaths = (
				"${TARGET_BUILD_DIR}/${FRAMEWORKS_FOLDER_PATH}/Alamofire.framework",
				"${TARGET_BUILD_DIR}/${FRAMEWORKS_FOLDER_PATH}/AlamofireImage.framework",
			);
			runOnlyForDeploymentPostprocessing = 0;
			shellPath = /bin/sh;
			shellScript = "\"${SRCROOT}/Pods/Target Support Files/Pods-Tumblr/Pods-Tumblr-frameworks.sh\"\n";
			showEnvVarsInLog = 0;
		};
		554BA9CBCC32747CAAC1986B /* [CP] Check Pods Manifest.lock */ = {
			isa = PBXShellScriptBuildPhase;
			buildActionMask = 2147483647;
			files = (
			);
			inputPaths = (
				"${PODS_PODFILE_DIR_PATH}/Podfile.lock",
				"${PODS_ROOT}/Manifest.lock",
			);
			name = "[CP] Check Pods Manifest.lock";
			outputPaths = (
				"$(DERIVED_FILE_DIR)/Pods-Tumblr-checkManifestLockResult.txt",
			);
			runOnlyForDeploymentPostprocessing = 0;
			shellPath = /bin/sh;
			shellScript = "diff \"${PODS_PODFILE_DIR_PATH}/Podfile.lock\" \"${PODS_ROOT}/Manifest.lock\" > /dev/null\nif [ $? != 0 ] ; then\n    # print error to STDERR\n    echo \"error: The sandbox is not in sync with the Podfile.lock. Run 'pod install' or update your CocoaPods installation.\" >&2\n    exit 1\nfi\n# This output is used by Xcode 'outputs' to avoid re-running this script phase.\necho \"SUCCESS\" > \"${SCRIPT_OUTPUT_FILE_0}\"\n";
			showEnvVarsInLog = 0;
		};
		5BBEFB21BB839F91AF035FCF /* [CP] Check Pods Manifest.lock */ = {
			isa = PBXShellScriptBuildPhase;
			buildActionMask = 2147483647;
			files = (
			);
			inputPaths = (
				"${PODS_PODFILE_DIR_PATH}/Podfile.lock",
				"${PODS_ROOT}/Manifest.lock",
			);
			name = "[CP] Check Pods Manifest.lock";
			outputPaths = (
				"$(DERIVED_FILE_DIR)/Pods-TumblrTests-checkManifestLockResult.txt",
			);
			runOnlyForDeploymentPostprocessing = 0;
			shellPath = /bin/sh;
			shellScript = "diff \"${PODS_PODFILE_DIR_PATH}/Podfile.lock\" \"${PODS_ROOT}/Manifest.lock\" > /dev/null\nif [ $? != 0 ] ; then\n    # print error to STDERR\n    echo \"error: The sandbox is not in sync with the Podfile.lock. Run 'pod install' or update your CocoaPods installation.\" >&2\n    exit 1\nfi\n# This output is used by Xcode 'outputs' to avoid re-running this script phase.\necho \"SUCCESS\" > \"${SCRIPT_OUTPUT_FILE_0}\"\n";
			showEnvVarsInLog = 0;
		};
		C14AFE8294DDA682817805D4 /* [CP] Check Pods Manifest.lock */ = {
			isa = PBXShellScriptBuildPhase;
			buildActionMask = 2147483647;
			files = (
			);
			inputPaths = (
				"${PODS_PODFILE_DIR_PATH}/Podfile.lock",
				"${PODS_ROOT}/Manifest.lock",
			);
			name = "[CP] Check Pods Manifest.lock";
			outputPaths = (
				"$(DERIVED_FILE_DIR)/Pods-TumblrUITests-checkManifestLockResult.txt",
			);
			runOnlyForDeploymentPostprocessing = 0;
			shellPath = /bin/sh;
			shellScript = "diff \"${PODS_PODFILE_DIR_PATH}/Podfile.lock\" \"${PODS_ROOT}/Manifest.lock\" > /dev/null\nif [ $? != 0 ] ; then\n    # print error to STDERR\n    echo \"error: The sandbox is not in sync with the Podfile.lock. Run 'pod install' or update your CocoaPods installation.\" >&2\n    exit 1\nfi\n# This output is used by Xcode 'outputs' to avoid re-running this script phase.\necho \"SUCCESS\" > \"${SCRIPT_OUTPUT_FILE_0}\"\n";
			showEnvVarsInLog = 0;
		};
/* End PBXShellScriptBuildPhase section */

/* Begin PBXSourcesBuildPhase section */
		AB3348E521471044009AB6D4 /* Sources */ = {
			isa = PBXSourcesBuildPhase;
			buildActionMask = 2147483647;
			files = (
				AB3348ED21471044009AB6D4 /* AppDelegate.swift in Sources */,
				AB33492621471F3B009AB6D4 /* PhotoCell.swift in Sources */,
				AB33491B214716FA009AB6D4 /* PhotosViewController.swift in Sources */,
			);
			runOnlyForDeploymentPostprocessing = 0;
		};
		AB3348F921471046009AB6D4 /* Sources */ = {
			isa = PBXSourcesBuildPhase;
			buildActionMask = 2147483647;
			files = (
				AB33490221471046009AB6D4 /* TumblrTests.swift in Sources */,
			);
			runOnlyForDeploymentPostprocessing = 0;
		};
		AB33490421471046009AB6D4 /* Sources */ = {
			isa = PBXSourcesBuildPhase;
			buildActionMask = 2147483647;
			files = (
				AB33490D21471046009AB6D4 /* TumblrUITests.swift in Sources */,
			);
			runOnlyForDeploymentPostprocessing = 0;
		};
/* End PBXSourcesBuildPhase section */

/* Begin PBXTargetDependency section */
		AB3348FF21471046009AB6D4 /* PBXTargetDependency */ = {
			isa = PBXTargetDependency;
			target = AB3348E821471044009AB6D4 /* Tumblr */;
			targetProxy = AB3348FE21471046009AB6D4 /* PBXContainerItemProxy */;
		};
		AB33490A21471046009AB6D4 /* PBXTargetDependency */ = {
			isa = PBXTargetDependency;
			target = AB3348E821471044009AB6D4 /* Tumblr */;
			targetProxy = AB33490921471046009AB6D4 /* PBXContainerItemProxy */;
		};
/* End PBXTargetDependency section */

/* Begin PBXVariantGroup section */
		AB3348F021471044009AB6D4 /* Main.storyboard */ = {
			isa = PBXVariantGroup;
			children = (
				AB3348F121471044009AB6D4 /* Base */,
			);
			name = Main.storyboard;
			sourceTree = "<group>";
		};
		AB3348F521471046009AB6D4 /* LaunchScreen.storyboard */ = {
			isa = PBXVariantGroup;
			children = (
				AB3348F621471046009AB6D4 /* Base */,
			);
			name = LaunchScreen.storyboard;
			sourceTree = "<group>";
		};
/* End PBXVariantGroup section */

/* Begin XCBuildConfiguration section */
		AB33490F21471046009AB6D4 /* Debug */ = {
			isa = XCBuildConfiguration;
			buildSettings = {
				ALWAYS_SEARCH_USER_PATHS = NO;
				CLANG_ANALYZER_NONNULL = YES;
				CLANG_ANALYZER_NUMBER_OBJECT_CONVERSION = YES_AGGRESSIVE;
				CLANG_CXX_LANGUAGE_STANDARD = "gnu++14";
				CLANG_CXX_LIBRARY = "libc++";
				CLANG_ENABLE_MODULES = YES;
				CLANG_ENABLE_OBJC_ARC = YES;
				CLANG_ENABLE_OBJC_WEAK = YES;
				CLANG_WARN_BLOCK_CAPTURE_AUTORELEASING = YES;
				CLANG_WARN_BOOL_CONVERSION = YES;
				CLANG_WARN_COMMA = YES;
				CLANG_WARN_CONSTANT_CONVERSION = YES;
				CLANG_WARN_DEPRECATED_OBJC_IMPLEMENTATIONS = YES;
				CLANG_WARN_DIRECT_OBJC_ISA_USAGE = YES_ERROR;
				CLANG_WARN_DOCUMENTATION_COMMENTS = YES;
				CLANG_WARN_EMPTY_BODY = YES;
				CLANG_WARN_ENUM_CONVERSION = YES;
				CLANG_WARN_INFINITE_RECURSION = YES;
				CLANG_WARN_INT_CONVERSION = YES;
				CLANG_WARN_NON_LITERAL_NULL_CONVERSION = YES;
				CLANG_WARN_OBJC_IMPLICIT_RETAIN_SELF = YES;
				CLANG_WARN_OBJC_LITERAL_CONVERSION = YES;
				CLANG_WARN_OBJC_ROOT_CLASS = YES_ERROR;
				CLANG_WARN_RANGE_LOOP_ANALYSIS = YES;
				CLANG_WARN_STRICT_PROTOTYPES = YES;
				CLANG_WARN_SUSPICIOUS_MOVE = YES;
				CLANG_WARN_UNGUARDED_AVAILABILITY = YES_AGGRESSIVE;
				CLANG_WARN_UNREACHABLE_CODE = YES;
				CLANG_WARN__DUPLICATE_METHOD_MATCH = YES;
				CODE_SIGN_IDENTITY = "iPhone Developer";
				COPY_PHASE_STRIP = NO;
				DEBUG_INFORMATION_FORMAT = dwarf;
				ENABLE_STRICT_OBJC_MSGSEND = YES;
				ENABLE_TESTABILITY = YES;
				GCC_C_LANGUAGE_STANDARD = gnu11;
				GCC_DYNAMIC_NO_PIC = NO;
				GCC_NO_COMMON_BLOCKS = YES;
				GCC_OPTIMIZATION_LEVEL = 0;
				GCC_PREPROCESSOR_DEFINITIONS = (
					"DEBUG=1",
					"$(inherited)",
				);
				GCC_WARN_64_TO_32_BIT_CONVERSION = YES;
				GCC_WARN_ABOUT_RETURN_TYPE = YES_ERROR;
				GCC_WARN_UNDECLARED_SELECTOR = YES;
				GCC_WARN_UNINITIALIZED_AUTOS = YES_AGGRESSIVE;
				GCC_WARN_UNUSED_FUNCTION = YES;
				GCC_WARN_UNUSED_VARIABLE = YES;
				IPHONEOS_DEPLOYMENT_TARGET = 11.4;
				MTL_ENABLE_DEBUG_INFO = YES;
				ONLY_ACTIVE_ARCH = YES;
				SDKROOT = iphoneos;
				SWIFT_ACTIVE_COMPILATION_CONDITIONS = DEBUG;
				SWIFT_OPTIMIZATION_LEVEL = "-Onone";
			};
			name = Debug;
		};
		AB33491021471046009AB6D4 /* Release */ = {
			isa = XCBuildConfiguration;
			buildSettings = {
				ALWAYS_SEARCH_USER_PATHS = NO;
				CLANG_ANALYZER_NONNULL = YES;
				CLANG_ANALYZER_NUMBER_OBJECT_CONVERSION = YES_AGGRESSIVE;
				CLANG_CXX_LANGUAGE_STANDARD = "gnu++14";
				CLANG_CXX_LIBRARY = "libc++";
				CLANG_ENABLE_MODULES = YES;
				CLANG_ENABLE_OBJC_ARC = YES;
				CLANG_ENABLE_OBJC_WEAK = YES;
				CLANG_WARN_BLOCK_CAPTURE_AUTORELEASING = YES;
				CLANG_WARN_BOOL_CONVERSION = YES;
				CLANG_WARN_COMMA = YES;
				CLANG_WARN_CONSTANT_CONVERSION = YES;
				CLANG_WARN_DEPRECATED_OBJC_IMPLEMENTATIONS = YES;
				CLANG_WARN_DIRECT_OBJC_ISA_USAGE = YES_ERROR;
				CLANG_WARN_DOCUMENTATION_COMMENTS = YES;
				CLANG_WARN_EMPTY_BODY = YES;
				CLANG_WARN_ENUM_CONVERSION = YES;
				CLANG_WARN_INFINITE_RECURSION = YES;
				CLANG_WARN_INT_CONVERSION = YES;
				CLANG_WARN_NON_LITERAL_NULL_CONVERSION = YES;
				CLANG_WARN_OBJC_IMPLICIT_RETAIN_SELF = YES;
				CLANG_WARN_OBJC_LITERAL_CONVERSION = YES;
				CLANG_WARN_OBJC_ROOT_CLASS = YES_ERROR;
				CLANG_WARN_RANGE_LOOP_ANALYSIS = YES;
				CLANG_WARN_STRICT_PROTOTYPES = YES;
				CLANG_WARN_SUSPICIOUS_MOVE = YES;
				CLANG_WARN_UNGUARDED_AVAILABILITY = YES_AGGRESSIVE;
				CLANG_WARN_UNREACHABLE_CODE = YES;
				CLANG_WARN__DUPLICATE_METHOD_MATCH = YES;
				CODE_SIGN_IDENTITY = "iPhone Developer";
				COPY_PHASE_STRIP = NO;
				DEBUG_INFORMATION_FORMAT = "dwarf-with-dsym";
				ENABLE_NS_ASSERTIONS = NO;
				ENABLE_STRICT_OBJC_MSGSEND = YES;
				GCC_C_LANGUAGE_STANDARD = gnu11;
				GCC_NO_COMMON_BLOCKS = YES;
				GCC_WARN_64_TO_32_BIT_CONVERSION = YES;
				GCC_WARN_ABOUT_RETURN_TYPE = YES_ERROR;
				GCC_WARN_UNDECLARED_SELECTOR = YES;
				GCC_WARN_UNINITIALIZED_AUTOS = YES_AGGRESSIVE;
				GCC_WARN_UNUSED_FUNCTION = YES;
				GCC_WARN_UNUSED_VARIABLE = YES;
				IPHONEOS_DEPLOYMENT_TARGET = 11.4;
				MTL_ENABLE_DEBUG_INFO = NO;
				SDKROOT = iphoneos;
				SWIFT_COMPILATION_MODE = wholemodule;
				SWIFT_OPTIMIZATION_LEVEL = "-O";
				VALIDATE_PRODUCT = YES;
			};
			name = Release;
		};
		AB33491221471046009AB6D4 /* Debug */ = {
			isa = XCBuildConfiguration;
			baseConfigurationReference = C020127E1FFAB6B2960EE2D4 /* Pods-Tumblr.debug.xcconfig */;
			buildSettings = {
				ASSETCATALOG_COMPILER_APPICON_NAME = AppIcon;
				CODE_SIGN_STYLE = Automatic;
				INFOPLIST_FILE = Tumblr/Info.plist;
				LD_RUNPATH_SEARCH_PATHS = (
					"$(inherited)",
					"@executable_path/Frameworks",
				);
				PRODUCT_BUNDLE_IDENTIFIER = com.syjwang.Tumblr;
				PRODUCT_NAME = "$(TARGET_NAME)";
				SWIFT_VERSION = 4.0;
				TARGETED_DEVICE_FAMILY = "1,2";
			};
			name = Debug;
		};
		AB33491321471046009AB6D4 /* Release */ = {
			isa = XCBuildConfiguration;
			baseConfigurationReference = 85716DCAB65EFF5F14C299D1 /* Pods-Tumblr.release.xcconfig */;
			buildSettings = {
				ASSETCATALOG_COMPILER_APPICON_NAME = AppIcon;
				CODE_SIGN_STYLE = Automatic;
				INFOPLIST_FILE = Tumblr/Info.plist;
				LD_RUNPATH_SEARCH_PATHS = (
					"$(inherited)",
					"@executable_path/Frameworks",
				);
				PRODUCT_BUNDLE_IDENTIFIER = com.syjwang.Tumblr;
				PRODUCT_NAME = "$(TARGET_NAME)";
				SWIFT_VERSION = 4.0;
				TARGETED_DEVICE_FAMILY = "1,2";
			};
			name = Release;
		};
		AB33491521471046009AB6D4 /* Debug */ = {
			isa = XCBuildConfiguration;
			baseConfigurationReference = 2BD1F727D30DEB8F239179B0 /* Pods-TumblrTests.debug.xcconfig */;
			buildSettings = {
				ALWAYS_EMBED_SWIFT_STANDARD_LIBRARIES = YES;
				BUNDLE_LOADER = "$(TEST_HOST)";
				CODE_SIGN_STYLE = Automatic;
				INFOPLIST_FILE = TumblrTests/Info.plist;
				LD_RUNPATH_SEARCH_PATHS = (
					"$(inherited)",
					"@executable_path/Frameworks",
					"@loader_path/Frameworks",
				);
				PRODUCT_BUNDLE_IDENTIFIER = com.syjwang.TumblrTests;
				PRODUCT_NAME = "$(TARGET_NAME)";
				SWIFT_VERSION = 4.0;
				TARGETED_DEVICE_FAMILY = "1,2";
				TEST_HOST = "$(BUILT_PRODUCTS_DIR)/Tumblr.app/Tumblr";
			};
			name = Debug;
		};
		AB33491621471046009AB6D4 /* Release */ = {
			isa = XCBuildConfiguration;
			baseConfigurationReference = F3A60E9A53391B5D6D27A357 /* Pods-TumblrTests.release.xcconfig */;
			buildSettings = {
				ALWAYS_EMBED_SWIFT_STANDARD_LIBRARIES = YES;
				BUNDLE_LOADER = "$(TEST_HOST)";
				CODE_SIGN_STYLE = Automatic;
				INFOPLIST_FILE = TumblrTests/Info.plist;
				LD_RUNPATH_SEARCH_PATHS = (
					"$(inherited)",
					"@executable_path/Frameworks",
					"@loader_path/Frameworks",
				);
				PRODUCT_BUNDLE_IDENTIFIER = com.syjwang.TumblrTests;
				PRODUCT_NAME = "$(TARGET_NAME)";
				SWIFT_VERSION = 4.0;
				TARGETED_DEVICE_FAMILY = "1,2";
				TEST_HOST = "$(BUILT_PRODUCTS_DIR)/Tumblr.app/Tumblr";
			};
			name = Release;
		};
		AB33491821471046009AB6D4 /* Debug */ = {
			isa = XCBuildConfiguration;
			baseConfigurationReference = 39748E3D1B9B10692C7BBE02 /* Pods-TumblrUITests.debug.xcconfig */;
			buildSettings = {
				ALWAYS_EMBED_SWIFT_STANDARD_LIBRARIES = YES;
				CODE_SIGN_STYLE = Automatic;
				INFOPLIST_FILE = TumblrUITests/Info.plist;
				LD_RUNPATH_SEARCH_PATHS = (
					"$(inherited)",
					"@executable_path/Frameworks",
					"@loader_path/Frameworks",
				);
				PRODUCT_BUNDLE_IDENTIFIER = com.syjwang.TumblrUITests;
				PRODUCT_NAME = "$(TARGET_NAME)";
				SWIFT_VERSION = 4.0;
				TARGETED_DEVICE_FAMILY = "1,2";
				TEST_TARGET_NAME = Tumblr;
			};
			name = Debug;
		};
		AB33491921471046009AB6D4 /* Release */ = {
			isa = XCBuildConfiguration;
			baseConfigurationReference = F90E1A0C6099A617121B5618 /* Pods-TumblrUITests.release.xcconfig */;
			buildSettings = {
				ALWAYS_EMBED_SWIFT_STANDARD_LIBRARIES = YES;
				CODE_SIGN_STYLE = Automatic;
				INFOPLIST_FILE = TumblrUITests/Info.plist;
				LD_RUNPATH_SEARCH_PATHS = (
					"$(inherited)",
					"@executable_path/Frameworks",
					"@loader_path/Frameworks",
				);
				PRODUCT_BUNDLE_IDENTIFIER = com.syjwang.TumblrUITests;
				PRODUCT_NAME = "$(TARGET_NAME)";
				SWIFT_VERSION = 4.0;
				TARGETED_DEVICE_FAMILY = "1,2";
				TEST_TARGET_NAME = Tumblr;
			};
			name = Release;
		};
/* End XCBuildConfiguration section */

/* Begin XCConfigurationList section */
		AB3348E421471044009AB6D4 /* Build configuration list for PBXProject "Tumblr" */ = {
			isa = XCConfigurationList;
			buildConfigurations = (
				AB33490F21471046009AB6D4 /* Debug */,
				AB33491021471046009AB6D4 /* Release */,
			);
			defaultConfigurationIsVisible = 0;
			defaultConfigurationName = Release;
		};
		AB33491121471046009AB6D4 /* Build configuration list for PBXNativeTarget "Tumblr" */ = {
			isa = XCConfigurationList;
			buildConfigurations = (
				AB33491221471046009AB6D4 /* Debug */,
				AB33491321471046009AB6D4 /* Release */,
			);
			defaultConfigurationIsVisible = 0;
			defaultConfigurationName = Release;
		};
		AB33491421471046009AB6D4 /* Build configuration list for PBXNativeTarget "TumblrTests" */ = {
			isa = XCConfigurationList;
			buildConfigurations = (
				AB33491521471046009AB6D4 /* Debug */,
				AB33491621471046009AB6D4 /* Release */,
			);
			defaultConfigurationIsVisible = 0;
			defaultConfigurationName = Release;
		};
		AB33491721471046009AB6D4 /* Build configuration list for PBXNativeTarget "TumblrUITests" */ = {
			isa = XCConfigurationList;
			buildConfigurations = (
				AB33491821471046009AB6D4 /* Debug */,
				AB33491921471046009AB6D4 /* Release */,
			);
			defaultConfigurationIsVisible = 0;
			defaultConfigurationName = Release;
		};
/* End XCConfigurationList section */
	};
	rootObject = AB3348E121471044009AB6D4 /* Project object */;
}
